// !$*UTF8*$!
{
	archiveVersion = 1;
	classes = {
	};
	objectVersion = 56;
	objects = {

/* Begin PBXBuildFile section */
		42AAE6892BE411F900A37396 /* ScoreBoardController.swift in Sources */ = {isa = PBXBuildFile; fileRef = 42AAE6882BE411F900A37396 /* ScoreBoardController.swift */; };
		42B74E3F2BDB007B0057E612 /* AppDelegate.swift in Sources */ = {isa = PBXBuildFile; fileRef = 42B74E3E2BDB007B0057E612 /* AppDelegate.swift */; };
		42B74E412BDB007B0057E612 /* SceneDelegate.swift in Sources */ = {isa = PBXBuildFile; fileRef = 42B74E402BDB007B0057E612 /* SceneDelegate.swift */; };
		42B74E432BDB007B0057E612 /* ViewController.swift in Sources */ = {isa = PBXBuildFile; fileRef = 42B74E422BDB007B0057E612 /* ViewController.swift */; };
		42B74E462BDB007B0057E612 /* Main.storyboard in Resources */ = {isa = PBXBuildFile; fileRef = 42B74E442BDB007B0057E612 /* Main.storyboard */; };
		42B74E4B2BDB007D0057E612 /* Assets.xcassets in Resources */ = {isa = PBXBuildFile; fileRef = 42B74E4A2BDB007D0057E612 /* Assets.xcassets */; };
		42B74E4E2BDB007D0057E612 /* LaunchScreen.storyboard in Resources */ = {isa = PBXBuildFile; fileRef = 42B74E4C2BDB007D0057E612 /* LaunchScreen.storyboard */; };
		42C1E04A2BED1D2C000027B4 /* SettingsController.swift in Sources */ = {isa = PBXBuildFile; fileRef = 42C1E0492BED1D2C000027B4 /* SettingsController.swift */; };
		42CCFE1A2BEC744700D74774 /* RockPaperScissorGame.swift in Sources */ = {isa = PBXBuildFile; fileRef = 42CCFE192BEC744700D74774 /* RockPaperScissorGame.swift */; };
		42FA91102BE42DD5006780DD /* HomePageController.swift in Sources */ = {isa = PBXBuildFile; fileRef = 42FA910F2BE42DD5006780DD /* HomePageController.swift */; };
/* End PBXBuildFile section */

/* Begin PBXFileReference section */
		42AAE6882BE411F900A37396 /* ScoreBoardController.swift */ = {isa = PBXFileReference; lastKnownFileType = sourcecode.swift; path = ScoreBoardController.swift; sourceTree = "<group>"; };
		42B74E3B2BDB007B0057E612 /* Rock Paper Scissor.app */ = {isa = PBXFileReference; explicitFileType = wrapper.application; includeInIndex = 0; path = "Rock Paper Scissor.app"; sourceTree = BUILT_PRODUCTS_DIR; };
		42B74E3E2BDB007B0057E612 /* AppDelegate.swift */ = {isa = PBXFileReference; lastKnownFileType = sourcecode.swift; path = AppDelegate.swift; sourceTree = "<group>"; };
		42B74E402BDB007B0057E612 /* SceneDelegate.swift */ = {isa = PBXFileReference; lastKnownFileType = sourcecode.swift; path = SceneDelegate.swift; sourceTree = "<group>"; };
		42B74E422BDB007B0057E612 /* ViewController.swift */ = {isa = PBXFileReference; lastKnownFileType = sourcecode.swift; path = ViewController.swift; sourceTree = "<group>"; };
		42B74E452BDB007B0057E612 /* Base */ = {isa = PBXFileReference; lastKnownFileType = file.storyboard; name = Base; path = Base.lproj/Main.storyboard; sourceTree = "<group>"; };
		42B74E4A2BDB007D0057E612 /* Assets.xcassets */ = {isa = PBXFileReference; lastKnownFileType = folder.assetcatalog; path = Assets.xcassets; sourceTree = "<group>"; };
		42B74E4D2BDB007D0057E612 /* Base */ = {isa = PBXFileReference; lastKnownFileType = file.storyboard; name = Base; path = Base.lproj/LaunchScreen.storyboard; sourceTree = "<group>"; };
		42B74E4F2BDB007D0057E612 /* Info.plist */ = {isa = PBXFileReference; lastKnownFileType = text.plist.xml; path = Info.plist; sourceTree = "<group>"; };
		42C1E0492BED1D2C000027B4 /* SettingsController.swift */ = {isa = PBXFileReference; lastKnownFileType = sourcecode.swift; path = SettingsController.swift; sourceTree = "<group>"; };
		42CCFE192BEC744700D74774 /* RockPaperScissorGame.swift */ = {isa = PBXFileReference; lastKnownFileType = sourcecode.swift; path = RockPaperScissorGame.swift; sourceTree = "<group>"; };
		42FA910F2BE42DD5006780DD /* HomePageController.swift */ = {isa = PBXFileReference; lastKnownFileType = sourcecode.swift; path = HomePageController.swift; sourceTree = "<group>"; };
/* End PBXFileReference section */

/* Begin PBXFrameworksBuildPhase section */
		42B74E382BDB007B0057E612 /* Frameworks */ = {
			isa = PBXFrameworksBuildPhase;
			buildActionMask = 2147483647;
			files = (
			);
			runOnlyForDeploymentPostprocessing = 0;
		};
/* End PBXFrameworksBuildPhase section */

/* Begin PBXGroup section */
		42B74E322BDB007B0057E612 = {
			isa = PBXGroup;
			children = (
				42B74E3D2BDB007B0057E612 /* Rock Paper Scissor */,
				42B74E3C2BDB007B0057E612 /* Products */,
			);
			sourceTree = "<group>";
		};
		42B74E3C2BDB007B0057E612 /* Products */ = {
			isa = PBXGroup;
			children = (
				42B74E3B2BDB007B0057E612 /* Rock Paper Scissor.app */,
			);
			name = Products;
			sourceTree = "<group>";
		};
		42B74E3D2BDB007B0057E612 /* Rock Paper Scissor */ = {
			isa = PBXGroup;
			children = (
				42CCFE182BEC6A7300D74774 /* Controller */,
				42CCFE172BEC6A6D00D74774 /* View */,
				42CCFE162BEC6A6500D74774 /* Model */,
				42B74E3E2BDB007B0057E612 /* AppDelegate.swift */,
				42B74E402BDB007B0057E612 /* SceneDelegate.swift */,
				42B74E4A2BDB007D0057E612 /* Assets.xcassets */,
				42B74E4C2BDB007D0057E612 /* LaunchScreen.storyboard */,
				42B74E4F2BDB007D0057E612 /* Info.plist */,
			);
			path = "Rock Paper Scissor";
			sourceTree = "<group>";
		};
		42CCFE162BEC6A6500D74774 /* Model */ = {
			isa = PBXGroup;
			children = (
				42CCFE192BEC744700D74774 /* RockPaperScissorGame.swift */,
			);
			path = Model;
			sourceTree = "<group>";
		};
		42CCFE172BEC6A6D00D74774 /* View */ = {
			isa = PBXGroup;
			children = (
				42B74E442BDB007B0057E612 /* Main.storyboard */,
			);
			path = View;
			sourceTree = "<group>";
		};
		42CCFE182BEC6A7300D74774 /* Controller */ = {
			isa = PBXGroup;
			children = (
				42C1E0492BED1D2C000027B4 /* SettingsController.swift */,
				42FA910F2BE42DD5006780DD /* HomePageController.swift */,
				42AAE6882BE411F900A37396 /* ScoreBoardController.swift */,
				42B74E422BDB007B0057E612 /* ViewController.swift */,
			);
			path = Controller;
			sourceTree = "<group>";
		};
/* End PBXGroup section */

/* Begin PBXNativeTarget section */
		42B74E3A2BDB007B0057E612 /* Rock Paper Scissor */ = {
			isa = PBXNativeTarget;
			buildConfigurationList = 42B74E522BDB007D0057E612 /* Build configuration list for PBXNativeTarget "Rock Paper Scissor" */;
			buildPhases = (
				42B74E372BDB007B0057E612 /* Sources */,
				42B74E382BDB007B0057E612 /* Frameworks */,
				42B74E392BDB007B0057E612 /* Resources */,
			);
			buildRules = (
			);
			dependencies = (
			);
			name = "Rock Paper Scissor";
			productName = "Rock Paper Scissor";
			productReference = 42B74E3B2BDB007B0057E612 /* Rock Paper Scissor.app */;
			productType = "com.apple.product-type.application";
		};
/* End PBXNativeTarget section */

/* Begin PBXProject section */
		42B74E332BDB007B0057E612 /* Project object */ = {
			isa = PBXProject;
			attributes = {
				BuildIndependentTargetsInParallel = 1;
				LastSwiftUpdateCheck = 1520;
				LastUpgradeCheck = 1520;
				TargetAttributes = {
					42B74E3A2BDB007B0057E612 = {
						CreatedOnToolsVersion = 15.2;
					};
				};
			};
			buildConfigurationList = 42B74E362BDB007B0057E612 /* Build configuration list for PBXProject "Rock Paper Scissor" */;
			compatibilityVersion = "Xcode 14.0";
			developmentRegion = en;
			hasScannedForEncodings = 0;
			knownRegions = (
				en,
				Base,
			);
			mainGroup = 42B74E322BDB007B0057E612;
			productRefGroup = 42B74E3C2BDB007B0057E612 /* Products */;
			projectDirPath = "";
			projectRoot = "";
			targets = (
				42B74E3A2BDB007B0057E612 /* Rock Paper Scissor */,
			);
		};
/* End PBXProject section */

/* Begin PBXResourcesBuildPhase section */
		42B74E392BDB007B0057E612 /* Resources */ = {
			isa = PBXResourcesBuildPhase;
			buildActionMask = 2147483647;
			files = (
				42B74E4E2BDB007D0057E612 /* LaunchScreen.storyboard in Resources */,
				42B74E4B2BDB007D0057E612 /* Assets.xcassets in Resources */,
				42B74E462BDB007B0057E612 /* Main.storyboard in Resources */,
			);
			runOnlyForDeploymentPostprocessing = 0;
		};
/* End PBXResourcesBuildPhase section */

/* Begin PBXSourcesBuildPhase section */
		42B74E372BDB007B0057E612 /* Sources */ = {
			isa = PBXSourcesBuildPhase;
			buildActionMask = 2147483647;
			files = (
				42C1E04A2BED1D2C000027B4 /* SettingsController.swift in Sources */,
				42B74E432BDB007B0057E612 /* ViewController.swift in Sources */,
				42B74E3F2BDB007B0057E612 /* AppDelegate.swift in Sources */,
				42AAE6892BE411F900A37396 /* ScoreBoardController.swift in Sources */,
				42CCFE1A2BEC744700D74774 /* RockPaperScissorGame.swift in Sources */,
				42B74E412BDB007B0057E612 /* SceneDelegate.swift in Sources */,
				42FA91102BE42DD5006780DD /* HomePageController.swift in Sources */,
			);
			runOnlyForDeploymentPostprocessing = 0;
		};
/* End PBXSourcesBuildPhase section */

/* Begin PBXVariantGroup section */
		42B74E442BDB007B0057E612 /* Main.storyboard */ = {
			isa = PBXVariantGroup;
			children = (
				42B74E452BDB007B0057E612 /* Base */,
			);
			name = Main.storyboard;
			sourceTree = "<group>";
		};
		42B74E4C2BDB007D0057E612 /* LaunchScreen.storyboard */ = {
			isa = PBXVariantGroup;
			children = (
				42B74E4D2BDB007D0057E612 /* Base */,
			);
			name = LaunchScreen.storyboard;
			sourceTree = "<group>";
		};
/* End PBXVariantGroup section */

/* Begin XCBuildConfiguration section */
		42B74E502BDB007D0057E612 /* Debug */ = {
			isa = XCBuildConfiguration;
			buildSettings = {
				ALWAYS_SEARCH_USER_PATHS = NO;
				ASSETCATALOG_COMPILER_GENERATE_SWIFT_ASSET_SYMBOL_EXTENSIONS = YES;
				CLANG_ANALYZER_NONNULL = YES;
				CLANG_ANALYZER_NUMBER_OBJECT_CONVERSION = YES_AGGRESSIVE;
				CLANG_CXX_LANGUAGE_STANDARD = "gnu++20";
				CLANG_ENABLE_MODULES = YES;
				CLANG_ENABLE_OBJC_ARC = YES;
				CLANG_ENABLE_OBJC_WEAK = YES;
				CLANG_WARN_BLOCK_CAPTURE_AUTORELEASING = YES;
				CLANG_WARN_BOOL_CONVERSION = YES;
				CLANG_WARN_COMMA = YES;
				CLANG_WARN_CONSTANT_CONVERSION = YES;
				CLANG_WARN_DEPRECATED_OBJC_IMPLEMENTATIONS = YES;
				CLANG_WARN_DIRECT_OBJC_ISA_USAGE = YES_ERROR;
				CLANG_WARN_DOCUMENTATION_COMMENTS = YES;
				CLANG_WARN_EMPTY_BODY = YES;
				CLANG_WARN_ENUM_CONVERSION = YES;
				CLANG_WARN_INFINITE_RECURSION = YES;
				CLANG_WARN_INT_CONVERSION = YES;
				CLANG_WARN_NON_LITERAL_NULL_CONVERSION = YES;
				CLANG_WARN_OBJC_IMPLICIT_RETAIN_SELF = YES;
				CLANG_WARN_OBJC_LITERAL_CONVERSION = YES;
				CLANG_WARN_OBJC_ROOT_CLASS = YES_ERROR;
				CLANG_WARN_QUOTED_INCLUDE_IN_FRAMEWORK_HEADER = YES;
				CLANG_WARN_RANGE_LOOP_ANALYSIS = YES;
				CLANG_WARN_STRICT_PROTOTYPES = YES;
				CLANG_WARN_SUSPICIOUS_MOVE = YES;
				CLANG_WARN_UNGUARDED_AVAILABILITY = YES_AGGRESSIVE;
				CLANG_WARN_UNREACHABLE_CODE = YES;
				CLANG_WARN__DUPLICATE_METHOD_MATCH = YES;
				COPY_PHASE_STRIP = NO;
				DEBUG_INFORMATION_FORMAT = dwarf;
				ENABLE_STRICT_OBJC_MSGSEND = YES;
				ENABLE_TESTABILITY = YES;
				ENABLE_USER_SCRIPT_SANDBOXING = YES;
				GCC_C_LANGUAGE_STANDARD = gnu17;
				GCC_DYNAMIC_NO_PIC = NO;
				GCC_NO_COMMON_BLOCKS = YES;
				GCC_OPTIMIZATION_LEVEL = 0;
				GCC_PREPROCESSOR_DEFINITIONS = (
					"DEBUG=1",
					"$(inherited)",
				);
				GCC_WARN_64_TO_32_BIT_CONVERSION = YES;
				GCC_WARN_ABOUT_RETURN_TYPE = YES_ERROR;
				GCC_WARN_UNDECLARED_SELECTOR = YES;
				GCC_WARN_UNINITIALIZED_AUTOS = YES_AGGRESSIVE;
				GCC_WARN_UNUSED_FUNCTION = YES;
				GCC_WARN_UNUSED_VARIABLE = YES;
				IPHONEOS_DEPLOYMENT_TARGET = 17.2;
				LOCALIZATION_PREFERS_STRING_CATALOGS = YES;
				MTL_ENABLE_DEBUG_INFO = INCLUDE_SOURCE;
				MTL_FAST_MATH = YES;
				ONLY_ACTIVE_ARCH = YES;
				SDKROOT = iphoneos;
				SWIFT_ACTIVE_COMPILATION_CONDITIONS = "DEBUG $(inherited)";
				SWIFT_OPTIMIZATION_LEVEL = "-Onone";
			};
			name = Debug;
		};
		42B74E512BDB007D0057E612 /* Release */ = {
			isa = XCBuildConfiguration;
			buildSettings = {
				ALWAYS_SEARCH_USER_PATHS = NO;
				ASSETCATALOG_COMPILER_GENERATE_SWIFT_ASSET_SYMBOL_EXTENSIONS = YES;
				CLANG_ANALYZER_NONNULL = YES;
				CLANG_ANALYZER_NUMBER_OBJECT_CONVERSION = YES_AGGRESSIVE;
				CLANG_CXX_LANGUAGE_STANDARD = "gnu++20";
				CLANG_ENABLE_MODULES = YES;
				CLANG_ENABLE_OBJC_ARC = YES;
				CLANG_ENABLE_OBJC_WEAK = YES;
				CLANG_WARN_BLOCK_CAPTURE_AUTORELEASING = YES;
				CLANG_WARN_BOOL_CONVERSION = YES;
				CLANG_WARN_COMMA = YES;
				CLANG_WARN_CONSTANT_CONVERSION = YES;
				CLANG_WARN_DEPRECATED_OBJC_IMPLEMENTATIONS = YES;
				CLANG_WARN_DIRECT_OBJC_ISA_USAGE = YES_ERROR;
				CLANG_WARN_DOCUMENTATION_COMMENTS = YES;
				CLANG_WARN_EMPTY_BODY = YES;
				CLANG_WARN_ENUM_CONVERSION = YES;
				CLANG_WARN_INFINITE_RECURSION = YES;
				CLANG_WARN_INT_CONVERSION = YES;
				CLANG_WARN_NON_LITERAL_NULL_CONVERSION = YES;
				CLANG_WARN_OBJC_IMPLICIT_RETAIN_SELF = YES;
				CLANG_WARN_OBJC_LITERAL_CONVERSION = YES;
				CLANG_WARN_OBJC_ROOT_CLASS = YES_ERROR;
				CLANG_WARN_QUOTED_INCLUDE_IN_FRAMEWORK_HEADER = YES;
				CLANG_WARN_RANGE_LOOP_ANALYSIS = YES;
				CLANG_WARN_STRICT_PROTOTYPES = YES;
				CLANG_WARN_SUSPICIOUS_MOVE = YES;
				CLANG_WARN_UNGUARDED_AVAILABILITY = YES_AGGRESSIVE;
				CLANG_WARN_UNREACHABLE_CODE = YES;
				CLANG_WARN__DUPLICATE_METHOD_MATCH = YES;
				COPY_PHASE_STRIP = NO;
				DEBUG_INFORMATION_FORMAT = "dwarf-with-dsym";
				ENABLE_NS_ASSERTIONS = NO;
				ENABLE_STRICT_OBJC_MSGSEND = YES;
				ENABLE_USER_SCRIPT_SANDBOXING = YES;
				GCC_C_LANGUAGE_STANDARD = gnu17;
				GCC_NO_COMMON_BLOCKS = YES;
				GCC_WARN_64_TO_32_BIT_CONVERSION = YES;
				GCC_WARN_ABOUT_RETURN_TYPE = YES_ERROR;
				GCC_WARN_UNDECLARED_SELECTOR = YES;
				GCC_WARN_UNINITIALIZED_AUTOS = YES_AGGRESSIVE;
				GCC_WARN_UNUSED_FUNCTION = YES;
				GCC_WARN_UNUSED_VARIABLE = YES;
				IPHONEOS_DEPLOYMENT_TARGET = 17.2;
				LOCALIZATION_PREFERS_STRING_CATALOGS = YES;
				MTL_ENABLE_DEBUG_INFO = NO;
				MTL_FAST_MATH = YES;
				SDKROOT = iphoneos;
				SWIFT_COMPILATION_MODE = wholemodule;
				VALIDATE_PRODUCT = YES;
			};
			name = Release;
		};
		42B74E532BDB007D0057E612 /* Debug */ = {
			isa = XCBuildConfiguration;
			buildSettings = {
				ASSETCATALOG_COMPILER_APPICON_NAME = AppIcon;
				ASSETCATALOG_COMPILER_GLOBAL_ACCENT_COLOR_NAME = AccentColor;
				CODE_SIGN_STYLE = Automatic;
				CURRENT_PROJECT_VERSION = 1;
				DEVELOPMENT_TEAM = 267Z474AH9;
				GENERATE_INFOPLIST_FILE = YES;
				INFOPLIST_FILE = "Rock Paper Scissor/Info.plist";
				INFOPLIST_KEY_UIApplicationSupportsIndirectInputEvents = YES;
				INFOPLIST_KEY_UILaunchStoryboardName = LaunchScreen;
				INFOPLIST_KEY_UIMainStoryboardFile = Main;
				INFOPLIST_KEY_UISupportedInterfaceOrientations = "UIInterfaceOrientationPortrait UIInterfaceOrientationPortraitUpsideDown";
				INFOPLIST_KEY_UISupportedInterfaceOrientations_iPad = UIInterfaceOrientationPortrait;
				LD_RUNPATH_SEARCH_PATHS = (
					"$(inherited)",
					"@executable_path/Frameworks",
				);
				MARKETING_VERSION = 1.0;
				PRODUCT_BUNDLE_IDENTIFIER = "com.nakia-crumbo.Rock-Paper-Scissor";
				PRODUCT_NAME = "$(TARGET_NAME)";
				SWIFT_EMIT_LOC_STRINGS = YES;
				SWIFT_VERSION = 5.0;
				TARGETED_DEVICE_FAMILY = "1,2";
			};
			name = Debug;
		};
		42B74E542BDB007D0057E612 /* Release */ = {
			isa = XCBuildConfiguration;
			buildSettings = {
				ASSETCATALOG_COMPILER_APPICON_NAME = AppIcon;
				ASSETCATALOG_COMPILER_GLOBAL_ACCENT_COLOR_NAME = AccentColor;
				CODE_SIGN_STYLE = Automatic;
				CURRENT_PROJECT_VERSION = 1;
				DEVELOPMENT_TEAM = 267Z474AH9;
				GENERATE_INFOPLIST_FILE = YES;
				INFOPLIST_FILE = "Rock Paper Scissor/Info.plist";
				INFOPLIST_KEY_UIApplicationSupportsIndirectInputEvents = YES;
				INFOPLIST_KEY_UILaunchStoryboardName = LaunchScreen;
				INFOPLIST_KEY_UIMainStoryboardFile = Main;
				INFOPLIST_KEY_UISupportedInterfaceOrientations = "UIInterfaceOrientationPortrait UIInterfaceOrientationPortraitUpsideDown";
				INFOPLIST_KEY_UISupportedInterfaceOrientations_iPad = UIInterfaceOrientationPortrait;
				LD_RUNPATH_SEARCH_PATHS = (
					"$(inherited)",
					"@executable_path/Frameworks",
				);
				MARKETING_VERSION = 1.0;
				PRODUCT_BUNDLE_IDENTIFIER = "com.nakia-crumbo.Rock-Paper-Scissor";
				PRODUCT_NAME = "$(TARGET_NAME)";
				SWIFT_EMIT_LOC_STRINGS = YES;
				SWIFT_VERSION = 5.0;
				TARGETED_DEVICE_FAMILY = "1,2";
			};
			name = Release;
		};
/* End XCBuildConfiguration section */

/* Begin XCConfigurationList section */
		42B74E362BDB007B0057E612 /* Build configuration list for PBXProject "Rock Paper Scissor" */ = {
			isa = XCConfigurationList;
			buildConfigurations = (
				42B74E502BDB007D0057E612 /* Debug */,
				42B74E512BDB007D0057E612 /* Release */,
			);
			defaultConfigurationIsVisible = 0;
			defaultConfigurationName = Release;
		};
		42B74E522BDB007D0057E612 /* Build configuration list for PBXNativeTarget "Rock Paper Scissor" */ = {
			isa = XCConfigurationList;
			buildConfigurations = (
				42B74E532BDB007D0057E612 /* Debug */,
				42B74E542BDB007D0057E612 /* Release */,
			);
			defaultConfigurationIsVisible = 0;
			defaultConfigurationName = Release;
		};
/* End XCConfigurationList section */
	};
	rootObject = 42B74E332BDB007B0057E612 /* Project object */;
}
